
Microsoft Visual Studio Solution File, Format Version 12.00
# Visual Studio Version 16
VisualStudioVersion = 16.0.31313.79
MinimumVisualStudioVersion = 10.0.40219.1
Project("{FAE04EC0-301F-11D3-BF4B-00C04F79EFBC}") = "Final Project", "Final Project\Final Project.csproj", "{9568979D-D09B-4121-A85B-C74647C62070}"
EndProject
Global
	GlobalSection(SolutionConfigurationPlatforms) = preSolution
		Debug|Any CPU = Debug|Any CPU
		Release|Any CPU = Release|Any CPU
	EndGlobalSection
	GlobalSection(ProjectConfigurationPlatforms) = postSolution
		{9568979D-D09B-4121-A85B-C74647C62070}.Debug|Any CPU.ActiveCfg = Debug|Any CPU
		{9568979D-D09B-4121-A85B-C74647C62070}.Debug|Any CPU.Build.0 = Debug|Any CPU
		{9568979D-D09B-4121-A85B-C74647C62070}.Release|Any CPU.ActiveCfg = Release|Any CPU
		{9568979D-D09B-4121-A85B-C74647C62070}.Release|Any CPU.Build.0 = Release|Any CPU
	EndGlobalSection
	GlobalSection(SolutionProperties) = preSolution
		HideSolutionNode = FALSE
	EndGlobalSection
	GlobalSection(ExtensibilityGlobals) = postSolution
		SolutionGuid = {85C8035C-0177-45AF-93AC-84DA8427E399}
	EndGlobalSection
EndGlobal
